// !$*UTF8*$!
{
	archiveVersion = 1;
	classes = {
	};
	objectVersion = 48;
	objects = {

/* Begin PBXBuildFile section */
		4148452D1F650F6800C11DBC /* AppDelegate.swift in Sources */ = {isa = PBXBuildFile; fileRef = 4148452C1F650F6800C11DBC /* AppDelegate.swift */; };
		4148452F1F650F6800C11DBC /* ViewController.swift in Sources */ = {isa = PBXBuildFile; fileRef = 4148452E1F650F6800C11DBC /* ViewController.swift */; };
		414845321F650F6800C11DBC /* Main.storyboard in Resources */ = {isa = PBXBuildFile; fileRef = 414845301F650F6800C11DBC /* Main.storyboard */; };
		414845351F650F6800C11DBC /* AR_Drawing.xcdatamodeld in Sources */ = {isa = PBXBuildFile; fileRef = 414845331F650F6800C11DBC /* AR_Drawing.xcdatamodeld */; };
		414845371F650F6800C11DBC /* Assets.xcassets in Resources */ = {isa = PBXBuildFile; fileRef = 414845361F650F6800C11DBC /* Assets.xcassets */; };
		4148453A1F650F6800C11DBC /* LaunchScreen.storyboard in Resources */ = {isa = PBXBuildFile; fileRef = 414845381F650F6800C11DBC /* LaunchScreen.storyboard */; };
		414845451F650F6800C11DBC /* AR_DrawingTests.swift in Sources */ = {isa = PBXBuildFile; fileRef = 414845441F650F6800C11DBC /* AR_DrawingTests.swift */; };
		414845501F650F6800C11DBC /* AR_DrawingUITests.swift in Sources */ = {isa = PBXBuildFile; fileRef = 4148454F1F650F6800C11DBC /* AR_DrawingUITests.swift */; };
/* End PBXBuildFile section */

/* Begin PBXContainerItemProxy section */
		414845411F650F6800C11DBC /* PBXContainerItemProxy */ = {
			isa = PBXContainerItemProxy;
			containerPortal = 414845211F650F6800C11DBC /* Project object */;
			proxyType = 1;
			remoteGlobalIDString = 414845281F650F6800C11DBC;
			remoteInfo = "AR Drawing";
		};
		4148454C1F650F6800C11DBC /* PBXContainerItemProxy */ = {
			isa = PBXContainerItemProxy;
			containerPortal = 414845211F650F6800C11DBC /* Project object */;
			proxyType = 1;
			remoteGlobalIDString = 414845281F650F6800C11DBC;
			remoteInfo = "AR Drawing";
		};
/* End PBXContainerItemProxy section */

/* Begin PBXFileReference section */
		414845291F650F6800C11DBC /* AR Drawing.app */ = {isa = PBXFileReference; explicitFileType = wrapper.application; includeInIndex = 0; path = "AR Drawing.app"; sourceTree = BUILT_PRODUCTS_DIR; };
		4148452C1F650F6800C11DBC /* AppDelegate.swift */ = {isa = PBXFileReference; lastKnownFileType = sourcecode.swift; path = AppDelegate.swift; sourceTree = "<group>"; };
		4148452E1F650F6800C11DBC /* ViewController.swift */ = {isa = PBXFileReference; lastKnownFileType = sourcecode.swift; path = ViewController.swift; sourceTree = "<group>"; };
		414845311F650F6800C11DBC /* Base */ = {isa = PBXFileReference; lastKnownFileType = file.storyboard; name = Base; path = Base.lproj/Main.storyboard; sourceTree = "<group>"; };
		414845341F650F6800C11DBC /* AR_Drawing.xcdatamodel */ = {isa = PBXFileReference; lastKnownFileType = wrapper.xcdatamodel; path = AR_Drawing.xcdatamodel; sourceTree = "<group>"; };
		414845361F650F6800C11DBC /* Assets.xcassets */ = {isa = PBXFileReference; lastKnownFileType = folder.assetcatalog; path = Assets.xcassets; sourceTree = "<group>"; };
		414845391F650F6800C11DBC /* Base */ = {isa = PBXFileReference; lastKnownFileType = file.storyboard; name = Base; path = Base.lproj/LaunchScreen.storyboard; sourceTree = "<group>"; };
		4148453B1F650F6800C11DBC /* Info.plist */ = {isa = PBXFileReference; lastKnownFileType = text.plist.xml; path = Info.plist; sourceTree = "<group>"; };
		414845401F650F6800C11DBC /* AR DrawingTests.xctest */ = {isa = PBXFileReference; explicitFileType = wrapper.cfbundle; includeInIndex = 0; path = "AR DrawingTests.xctest"; sourceTree = BUILT_PRODUCTS_DIR; };
		414845441F650F6800C11DBC /* AR_DrawingTests.swift */ = {isa = PBXFileReference; lastKnownFileType = sourcecode.swift; path = AR_DrawingTests.swift; sourceTree = "<group>"; };
		414845461F650F6800C11DBC /* Info.plist */ = {isa = PBXFileReference; lastKnownFileType = text.plist.xml; path = Info.plist; sourceTree = "<group>"; };
		4148454B1F650F6800C11DBC /* AR DrawingUITests.xctest */ = {isa = PBXFileReference; explicitFileType = wrapper.cfbundle; includeInIndex = 0; path = "AR DrawingUITests.xctest"; sourceTree = BUILT_PRODUCTS_DIR; };
		4148454F1F650F6800C11DBC /* AR_DrawingUITests.swift */ = {isa = PBXFileReference; lastKnownFileType = sourcecode.swift; path = AR_DrawingUITests.swift; sourceTree = "<group>"; };
		414845511F650F6800C11DBC /* Info.plist */ = {isa = PBXFileReference; lastKnownFileType = text.plist.xml; path = Info.plist; sourceTree = "<group>"; };
/* End PBXFileReference section */

/* Begin PBXFrameworksBuildPhase section */
		414845261F650F6800C11DBC /* Frameworks */ = {
			isa = PBXFrameworksBuildPhase;
			buildActionMask = 2147483647;
			files = (
			);
			runOnlyForDeploymentPostprocessing = 0;
		};
		4148453D1F650F6800C11DBC /* Frameworks */ = {
			isa = PBXFrameworksBuildPhase;
			buildActionMask = 2147483647;
			files = (
			);
			runOnlyForDeploymentPostprocessing = 0;
		};
		414845481F650F6800C11DBC /* Frameworks */ = {
			isa = PBXFrameworksBuildPhase;
			buildActionMask = 2147483647;
			files = (
			);
			runOnlyForDeploymentPostprocessing = 0;
		};
/* End PBXFrameworksBuildPhase section */

/* Begin PBXGroup section */
		414845201F650F6800C11DBC = {
			isa = PBXGroup;
			children = (
				4148452B1F650F6800C11DBC /* AR Drawing */,
				414845431F650F6800C11DBC /* AR DrawingTests */,
				4148454E1F650F6800C11DBC /* AR DrawingUITests */,
				4148452A1F650F6800C11DBC /* Products */,
			);
			sourceTree = "<group>";
		};
		4148452A1F650F6800C11DBC /* Products */ = {
			isa = PBXGroup;
			children = (
				414845291F650F6800C11DBC /* AR Drawing.app */,
				414845401F650F6800C11DBC /* AR DrawingTests.xctest */,
				4148454B1F650F6800C11DBC /* AR DrawingUITests.xctest */,
			);
			name = Products;
			sourceTree = "<group>";
		};
		4148452B1F650F6800C11DBC /* AR Drawing */ = {
			isa = PBXGroup;
			children = (
				4148452C1F650F6800C11DBC /* AppDelegate.swift */,
				4148452E1F650F6800C11DBC /* ViewController.swift */,
				414845301F650F6800C11DBC /* Main.storyboard */,
				414845361F650F6800C11DBC /* Assets.xcassets */,
				414845381F650F6800C11DBC /* LaunchScreen.storyboard */,
				4148453B1F650F6800C11DBC /* Info.plist */,
				414845331F650F6800C11DBC /* AR_Drawing.xcdatamodeld */,
			);
			path = "AR Drawing";
			sourceTree = "<group>";
		};
		414845431F650F6800C11DBC /* AR DrawingTests */ = {
			isa = PBXGroup;
			children = (
				414845441F650F6800C11DBC /* AR_DrawingTests.swift */,
				414845461F650F6800C11DBC /* Info.plist */,
			);
			path = "AR DrawingTests";
			sourceTree = "<group>";
		};
		4148454E1F650F6800C11DBC /* AR DrawingUITests */ = {
			isa = PBXGroup;
			children = (
				4148454F1F650F6800C11DBC /* AR_DrawingUITests.swift */,
				414845511F650F6800C11DBC /* Info.plist */,
			);
			path = "AR DrawingUITests";
			sourceTree = "<group>";
		};
/* End PBXGroup section */

/* Begin PBXNativeTarget section */
		414845281F650F6800C11DBC /* AR Drawing */ = {
			isa = PBXNativeTarget;
			buildConfigurationList = 414845541F650F6900C11DBC /* Build configuration list for PBXNativeTarget "AR Drawing" */;
			buildPhases = (
				414845251F650F6800C11DBC /* Sources */,
				414845261F650F6800C11DBC /* Frameworks */,
				414845271F650F6800C11DBC /* Resources */,
			);
			buildRules = (
			);
			dependencies = (
			);
			name = "AR Drawing";
			productName = "AR Drawing";
			productReference = 414845291F650F6800C11DBC /* AR Drawing.app */;
			productType = "com.apple.product-type.application";
		};
		4148453F1F650F6800C11DBC /* AR DrawingTests */ = {
			isa = PBXNativeTarget;
			buildConfigurationList = 414845571F650F6900C11DBC /* Build configuration list for PBXNativeTarget "AR DrawingTests" */;
			buildPhases = (
				4148453C1F650F6800C11DBC /* Sources */,
				4148453D1F650F6800C11DBC /* Frameworks */,
				4148453E1F650F6800C11DBC /* Resources */,
			);
			buildRules = (
			);
			dependencies = (
				414845421F650F6800C11DBC /* PBXTargetDependency */,
			);
			name = "AR DrawingTests";
			productName = "AR DrawingTests";
			productReference = 414845401F650F6800C11DBC /* AR DrawingTests.xctest */;
			productType = "com.apple.product-type.bundle.unit-test";
		};
		4148454A1F650F6800C11DBC /* AR DrawingUITests */ = {
			isa = PBXNativeTarget;
			buildConfigurationList = 4148455A1F650F6900C11DBC /* Build configuration list for PBXNativeTarget "AR DrawingUITests" */;
			buildPhases = (
				414845471F650F6800C11DBC /* Sources */,
				414845481F650F6800C11DBC /* Frameworks */,
				414845491F650F6800C11DBC /* Resources */,
			);
			buildRules = (
			);
			dependencies = (
				4148454D1F650F6800C11DBC /* PBXTargetDependency */,
			);
			name = "AR DrawingUITests";
			productName = "AR DrawingUITests";
			productReference = 4148454B1F650F6800C11DBC /* AR DrawingUITests.xctest */;
			productType = "com.apple.product-type.bundle.ui-testing";
		};
/* End PBXNativeTarget section */

/* Begin PBXProject section */
		414845211F650F6800C11DBC /* Project object */ = {
			isa = PBXProject;
			attributes = {
				LastSwiftUpdateCheck = 0900;
				LastUpgradeCheck = 0900;
				ORGANIZATIONNAME = "Justin Russell";
				TargetAttributes = {
					414845281F650F6800C11DBC = {
						CreatedOnToolsVersion = 9.0;
						ProvisioningStyle = Automatic;
					};
					4148453F1F650F6800C11DBC = {
						CreatedOnToolsVersion = 9.0;
						ProvisioningStyle = Automatic;
						TestTargetID = 414845281F650F6800C11DBC;
					};
					4148454A1F650F6800C11DBC = {
						CreatedOnToolsVersion = 9.0;
						ProvisioningStyle = Automatic;
						TestTargetID = 414845281F650F6800C11DBC;
					};
				};
			};
			buildConfigurationList = 414845241F650F6800C11DBC /* Build configuration list for PBXProject "AR Drawing" */;
			compatibilityVersion = "Xcode 8.0";
			developmentRegion = en;
			hasScannedForEncodings = 0;
			knownRegions = (
				en,
				Base,
			);
			mainGroup = 414845201F650F6800C11DBC;
			productRefGroup = 4148452A1F650F6800C11DBC /* Products */;
			projectDirPath = "";
			projectRoot = "";
			targets = (
				414845281F650F6800C11DBC /* AR Drawing */,
				4148453F1F650F6800C11DBC /* AR DrawingTests */,
				4148454A1F650F6800C11DBC /* AR DrawingUITests */,
			);
		};
/* End PBXProject section */

/* Begin PBXResourcesBuildPhase section */
		414845271F650F6800C11DBC /* Resources */ = {
			isa = PBXResourcesBuildPhase;
			buildActionMask = 2147483647;
			files = (
				4148453A1F650F6800C11DBC /* LaunchScreen.storyboard in Resources */,
				414845371F650F6800C11DBC /* Assets.xcassets in Resources */,
				414845321F650F6800C11DBC /* Main.storyboard in Resources */,
			);
			runOnlyForDeploymentPostprocessing = 0;
		};
		4148453E1F650F6800C11DBC /* Resources */ = {
			isa = PBXResourcesBuildPhase;
			buildActionMask = 2147483647;
			files = (
			);
			runOnlyForDeploymentPostprocessing = 0;
		};
		414845491F650F6800C11DBC /* Resources */ = {
			isa = PBXResourcesBuildPhase;
			buildActionMask = 2147483647;
			files = (
			);
			runOnlyForDeploymentPostprocessing = 0;
		};
/* End PBXResourcesBuildPhase section */

/* Begin PBXSourcesBuildPhase section */
		414845251F650F6800C11DBC /* Sources */ = {
			isa = PBXSourcesBuildPhase;
			buildActionMask = 2147483647;
			files = (
				414845351F650F6800C11DBC /* AR_Drawing.xcdatamodeld in Sources */,
				4148452F1F650F6800C11DBC /* ViewController.swift in Sources */,
				4148452D1F650F6800C11DBC /* AppDelegate.swift in Sources */,
			);
			runOnlyForDeploymentPostprocessing = 0;
		};
		4148453C1F650F6800C11DBC /* Sources */ = {
			isa = PBXSourcesBuildPhase;
			buildActionMask = 2147483647;
			files = (
				414845451F650F6800C11DBC /* AR_DrawingTests.swift in Sources */,
			);
			runOnlyForDeploymentPostprocessing = 0;
		};
		414845471F650F6800C11DBC /* Sources */ = {
			isa = PBXSourcesBuildPhase;
			buildActionMask = 2147483647;
			files = (
				414845501F650F6800C11DBC /* AR_DrawingUITests.swift in Sources */,
			);
			runOnlyForDeploymentPostprocessing = 0;
		};
/* End PBXSourcesBuildPhase section */

/* Begin PBXTargetDependency section */
		414845421F650F6800C11DBC /* PBXTargetDependency */ = {
			isa = PBXTargetDependency;
			target = 414845281F650F6800C11DBC /* AR Drawing */;
			targetProxy = 414845411F650F6800C11DBC /* PBXContainerItemProxy */;
		};
		4148454D1F650F6800C11DBC /* PBXTargetDependency */ = {
			isa = PBXTargetDependency;
			target = 414845281F650F6800C11DBC /* AR Drawing */;
			targetProxy = 4148454C1F650F6800C11DBC /* PBXContainerItemProxy */;
		};
/* End PBXTargetDependency section */

/* Begin PBXVariantGroup section */
		414845301F650F6800C11DBC /* Main.storyboard */ = {
			isa = PBXVariantGroup;
			children = (
				414845311F650F6800C11DBC /* Base */,
			);
			name = Main.storyboard;
			sourceTree = "<group>";
		};
		414845381F650F6800C11DBC /* LaunchScreen.storyboard */ = {
			isa = PBXVariantGroup;
			children = (
				414845391F650F6800C11DBC /* Base */,
			);
			name = LaunchScreen.storyboard;
			sourceTree = "<group>";
		};
/* End PBXVariantGroup section */

/* Begin XCBuildConfiguration section */
		414845521F650F6900C11DBC /* Debug */ = {
			isa = XCBuildConfiguration;
			buildSettings = {
				ALWAYS_SEARCH_USER_PATHS = NO;
				CLANG_ANALYZER_NONNULL = YES;
				CLANG_ANALYZER_NUMBER_OBJECT_CONVERSION = YES_AGGRESSIVE;
				CLANG_CXX_LANGUAGE_STANDARD = "gnu++14";
				CLANG_CXX_LIBRARY = "libc++";
				CLANG_ENABLE_MODULES = YES;
				CLANG_ENABLE_OBJC_ARC = YES;
				CLANG_WARN_BLOCK_CAPTURE_AUTORELEASING = YES;
				CLANG_WARN_BOOL_CONVERSION = YES;
				CLANG_WARN_COMMA = YES;
				CLANG_WARN_CONSTANT_CONVERSION = YES;
				CLANG_WARN_DIRECT_OBJC_ISA_USAGE = YES_ERROR;
				CLANG_WARN_DOCUMENTATION_COMMENTS = YES;
				CLANG_WARN_EMPTY_BODY = YES;
				CLANG_WARN_ENUM_CONVERSION = YES;
				CLANG_WARN_INFINITE_RECURSION = YES;
				CLANG_WARN_INT_CONVERSION = YES;
				CLANG_WARN_NON_LITERAL_NULL_CONVERSION = YES;
				CLANG_WARN_OBJC_LITERAL_CONVERSION = YES;
				CLANG_WARN_OBJC_ROOT_CLASS = YES_ERROR;
				CLANG_WARN_RANGE_LOOP_ANALYSIS = YES;
				CLANG_WARN_STRICT_PROTOTYPES = YES;
				CLANG_WARN_SUSPICIOUS_MOVE = YES;
				CLANG_WARN_UNGUARDED_AVAILABILITY = YES_AGGRESSIVE;
				CLANG_WARN_UNREACHABLE_CODE = YES;
				CLANG_WARN__DUPLICATE_METHOD_MATCH = YES;
				CODE_SIGN_IDENTITY = "iPhone Developer";
				COPY_PHASE_STRIP = NO;
				DEBUG_INFORMATION_FORMAT = dwarf;
				ENABLE_STRICT_OBJC_MSGSEND = YES;
				ENABLE_TESTABILITY = YES;
				GCC_C_LANGUAGE_STANDARD = gnu11;
				GCC_DYNAMIC_NO_PIC = NO;
				GCC_NO_COMMON_BLOCKS = YES;
				GCC_OPTIMIZATION_LEVEL = 0;
				GCC_PREPROCESSOR_DEFINITIONS = (
					"DEBUG=1",
					"$(inherited)",
				);
				GCC_WARN_64_TO_32_BIT_CONVERSION = YES;
				GCC_WARN_ABOUT_RETURN_TYPE = YES_ERROR;
				GCC_WARN_UNDECLARED_SELECTOR = YES;
				GCC_WARN_UNINITIALIZED_AUTOS = YES_AGGRESSIVE;
				GCC_WARN_UNUSED_FUNCTION = YES;
				GCC_WARN_UNUSED_VARIABLE = YES;
				IPHONEOS_DEPLOYMENT_TARGET = 11.0;
				MTL_ENABLE_DEBUG_INFO = YES;
				ONLY_ACTIVE_ARCH = YES;
				SDKROOT = iphoneos;
				SWIFT_ACTIVE_COMPILATION_CONDITIONS = DEBUG;
				SWIFT_OPTIMIZATION_LEVEL = "-Onone";
			};
			name = Debug;
		};
		414845531F650F6900C11DBC /* Release */ = {
			isa = XCBuildConfiguration;
			buildSettings = {
				ALWAYS_SEARCH_USER_PATHS = NO;
				CLANG_ANALYZER_NONNULL = YES;
				CLANG_ANALYZER_NUMBER_OBJECT_CONVERSION = YES_AGGRESSIVE;
				CLANG_CXX_LANGUAGE_STANDARD = "gnu++14";
				CLANG_CXX_LIBRARY = "libc++";
				CLANG_ENABLE_MODULES = YES;
				CLANG_ENABLE_OBJC_ARC = YES;
				CLANG_WARN_BLOCK_CAPTURE_AUTORELEASING = YES;
				CLANG_WARN_BOOL_CONVERSION = YES;
				CLANG_WARN_COMMA = YES;
				CLANG_WARN_CONSTANT_CONVERSION = YES;
				CLANG_WARN_DIRECT_OBJC_ISA_USAGE = YES_ERROR;
				CLANG_WARN_DOCUMENTATION_COMMENTS = YES;
				CLANG_WARN_EMPTY_BODY = YES;
				CLANG_WARN_ENUM_CONVERSION = YES;
				CLANG_WARN_INFINITE_RECURSION = YES;
				CLANG_WARN_INT_CONVERSION = YES;
				CLANG_WARN_NON_LITERAL_NULL_CONVERSION = YES;
				CLANG_WARN_OBJC_LITERAL_CONVERSION = YES;
				CLANG_WARN_OBJC_ROOT_CLASS = YES_ERROR;
				CLANG_WARN_RANGE_LOOP_ANALYSIS = YES;
				CLANG_WARN_STRICT_PROTOTYPES = YES;
				CLANG_WARN_SUSPICIOUS_MOVE = YES;
				CLANG_WARN_UNGUARDED_AVAILABILITY = YES_AGGRESSIVE;
				CLANG_WARN_UNREACHABLE_CODE = YES;
				CLANG_WARN__DUPLICATE_METHOD_MATCH = YES;
				CODE_SIGN_IDENTITY = "iPhone Developer";
				COPY_PHASE_STRIP = NO;
				DEBUG_INFORMATION_FORMAT = "dwarf-with-dsym";
				ENABLE_NS_ASSERTIONS = NO;
				ENABLE_STRICT_OBJC_MSGSEND = YES;
				GCC_C_LANGUAGE_STANDARD = gnu11;
				GCC_NO_COMMON_BLOCKS = YES;
				GCC_WARN_64_TO_32_BIT_CONVERSION = YES;
				GCC_WARN_ABOUT_RETURN_TYPE = YES_ERROR;
				GCC_WARN_UNDECLARED_SELECTOR = YES;
				GCC_WARN_UNINITIALIZED_AUTOS = YES_AGGRESSIVE;
				GCC_WARN_UNUSED_FUNCTION = YES;
				GCC_WARN_UNUSED_VARIABLE = YES;
				IPHONEOS_DEPLOYMENT_TARGET = 11.0;
				MTL_ENABLE_DEBUG_INFO = NO;
				SDKROOT = iphoneos;
				SWIFT_OPTIMIZATION_LEVEL = "-Owholemodule";
				VALIDATE_PRODUCT = YES;
			};
			name = Release;
		};
		414845551F650F6900C11DBC /* Debug */ = {
			isa = XCBuildConfiguration;
			buildSettings = {
				ASSETCATALOG_COMPILER_APPICON_NAME = AppIcon;
				CODE_SIGN_STYLE = Automatic;
				DEVELOPMENT_TEAM = 92AZ2YGHS5;
				INFOPLIST_FILE = "AR Drawing/Info.plist";
				LD_RUNPATH_SEARCH_PATHS = "$(inherited) @executable_path/Frameworks";
				PRODUCT_BUNDLE_IDENTIFIER = "com.justinjrussell.AR-Drawing";
				PRODUCT_NAME = "$(TARGET_NAME)";
				SWIFT_VERSION = 4.0;
				TARGETED_DEVICE_FAMILY = "1,2";
			};
			name = Debug;
		};
		414845561F650F6900C11DBC /* Release */ = {
			isa = XCBuildConfiguration;
			buildSettings = {
				ASSETCATALOG_COMPILER_APPICON_NAME = AppIcon;
				CODE_SIGN_STYLE = Automatic;
				DEVELOPMENT_TEAM = 92AZ2YGHS5;
				INFOPLIST_FILE = "AR Drawing/Info.plist";
				LD_RUNPATH_SEARCH_PATHS = "$(inherited) @executable_path/Frameworks";
				PRODUCT_BUNDLE_IDENTIFIER = "com.justinjrussell.AR-Drawing";
				PRODUCT_NAME = "$(TARGET_NAME)";
				SWIFT_VERSION = 4.0;
				TARGETED_DEVICE_FAMILY = "1,2";
			};
			name = Release;
		};
		414845581F650F6900C11DBC /* Debug */ = {
			isa = XCBuildConfiguration;
			buildSettings = {
				ALWAYS_EMBED_SWIFT_STANDARD_LIBRARIES = YES;
				BUNDLE_LOADER = "$(TEST_HOST)";
				CODE_SIGN_STYLE = Automatic;
				DEVELOPMENT_TEAM = 92AZ2YGHS5;
				INFOPLIST_FILE = "AR DrawingTests/Info.plist";
				LD_RUNPATH_SEARCH_PATHS = "$(inherited) @executable_path/Frameworks @loader_path/Frameworks";
				PRODUCT_BUNDLE_IDENTIFIER = "com.justinjrussell.AR-DrawingTests";
				PRODUCT_NAME = "$(TARGET_NAME)";
				SWIFT_VERSION = 4.0;
				TARGETED_DEVICE_FAMILY = "1,2";
				TEST_HOST = "$(BUILT_PRODUCTS_DIR)/AR Drawing.app/AR Drawing";
			};
			name = Debug;
		};
		414845591F650F6900C11DBC /* Release */ = {
			isa = XCBuildConfiguration;
			buildSettings = {
				ALWAYS_EMBED_SWIFT_STANDARD_LIBRARIES = YES;
				BUNDLE_LOADER = "$(TEST_HOST)";
				CODE_SIGN_STYLE = Automatic;
				DEVELOPMENT_TEAM = 92AZ2YGHS5;
				INFOPLIST_FILE = "AR DrawingTests/Info.plist";
				LD_RUNPATH_SEARCH_PATHS = "$(inherited) @executable_path/Frameworks @loader_path/Frameworks";
				PRODUCT_BUNDLE_IDENTIFIER = "com.justinjrussell.AR-DrawingTests";
				PRODUCT_NAME = "$(TARGET_NAME)";
				SWIFT_VERSION = 4.0;
				TARGETED_DEVICE_FAMILY = "1,2";
				TEST_HOST = "$(BUILT_PRODUCTS_DIR)/AR Drawing.app/AR Drawing";
			};
			name = Release;
		};
		4148455B1F650F6900C11DBC /* Debug */ = {
			isa = XCBuildConfiguration;
			buildSettings = {
				ALWAYS_EMBED_SWIFT_STANDARD_LIBRARIES = YES;
				CODE_SIGN_STYLE = Automatic;
				DEVELOPMENT_TEAM = 92AZ2YGHS5;
				INFOPLIST_FILE = "AR DrawingUITests/Info.plist";
				LD_RUNPATH_SEARCH_PATHS = "$(inherited) @executable_path/Frameworks @loader_path/Frameworks";
				PRODUCT_BUNDLE_IDENTIFIER = "com.justinjrussell.AR-DrawingUITests";
				PRODUCT_NAME = "$(TARGET_NAME)";
				SWIFT_VERSION = 4.0;
				TARGETED_DEVICE_FAMILY = "1,2";
				TEST_TARGET_NAME = "AR Drawing";
			};
			name = Debug;
		};
		4148455C1F650F6900C11DBC /* Release */ = {
			isa = XCBuildConfiguration;
			buildSettings = {
				ALWAYS_EMBED_SWIFT_STANDARD_LIBRARIES = YES;
				CODE_SIGN_STYLE = Automatic;
				DEVELOPMENT_TEAM = 92AZ2YGHS5;
				INFOPLIST_FILE = "AR DrawingUITests/Info.plist";
				LD_RUNPATH_SEARCH_PATHS = "$(inherited) @executable_path/Frameworks @loader_path/Frameworks";
				PRODUCT_BUNDLE_IDENTIFIER = "com.justinjrussell.AR-DrawingUITests";
				PRODUCT_NAME = "$(TARGET_NAME)";
				SWIFT_VERSION = 4.0;
				TARGETED_DEVICE_FAMILY = "1,2";
				TEST_TARGET_NAME = "AR Drawing";
			};
			name = Release;
		};
/* End XCBuildConfiguration section */

/* Begin XCConfigurationList section */
		414845241F650F6800C11DBC /* Build configuration list for PBXProject "AR Drawing" */ = {
			isa = XCConfigurationList;
			buildConfigurations = (
				414845521F650F6900C11DBC /* Debug */,
				414845531F650F6900C11DBC /* Release */,
			);
			defaultConfigurationIsVisible = 0;
			defaultConfigurationName = Release;
		};
		414845541F650F6900C11DBC /* Build configuration list for PBXNativeTarget "AR Drawing" */ = {
			isa = XCConfigurationList;
			buildConfigurations = (
				414845551F650F6900C11DBC /* Debug */,
				414845561F650F6900C11DBC /* Release */,
			);
			defaultConfigurationIsVisible = 0;
			defaultConfigurationName = Release;
		};
		414845571F650F6900C11DBC /* Build configuration list for PBXNativeTarget "AR DrawingTests" */ = {
			isa = XCConfigurationList;
			buildConfigurations = (
				414845581F650F6900C11DBC /* Debug */,
				414845591F650F6900C11DBC /* Release */,
			);
			defaultConfigurationIsVisible = 0;
			defaultConfigurationName = Release;
		};
		4148455A1F650F6900C11DBC /* Build configuration list for PBXNativeTarget "AR DrawingUITests" */ = {
			isa = XCConfigurationList;
			buildConfigurations = (
				4148455B1F650F6900C11DBC /* Debug */,
				4148455C1F650F6900C11DBC /* Release */,
			);
			defaultConfigurationIsVisible = 0;
			defaultConfigurationName = Release;
		};
/* End XCConfigurationList section */

/* Begin XCVersionGroup section */
		414845331F650F6800C11DBC /* AR_Drawing.xcdatamodeld */ = {
			isa = XCVersionGroup;
			children = (
				414845341F650F6800C11DBC /* AR_Drawing.xcdatamodel */,
			);
			currentVersion = 414845341F650F6800C11DBC /* AR_Drawing.xcdatamodel */;
			path = AR_Drawing.xcdatamodeld;
			sourceTree = "<group>";
			versionGroupType = wrapper.xcdatamodel;
		};
/* End XCVersionGroup section */
	};
	rootObject = 414845211F650F6800C11DBC /* Project object */;
}
